dependencies:
- name: vs
  repository: https://charts-public.hub.eox.at/
  version: 2.0.16
- name: rm-resource-catalogue
  repository: https://eoepca.github.io/helm-charts/
  version: 1.0.9
- name: resource-guard
  repository: https://eoepca.github.io/helm-charts/
  version: 1.0.5
digest: sha256:5088ff14b77ed228be147cb196135a9d80bc0563627612ec85944d87b8e2b35f
generated: "2022-04-26T15:47:05.411882669+02:00"
