dependencies:
- name: identity-keycloak
  repository: ""
  version: 0.15.0
- name: identity-postgres
  repository: ""
  version: 1.0.0
- name: identity-api
  repository: ""
  version: 1.0.0
- name: identity-portal
  repository: ""
  version: 1.0.0
- name: identity-gatekeeper
  repository: ""
  version: 1.0.0
- name: identity-api-gatekeeper
  repository: ""
  version: 1.0.0
digest: sha256:a84bba51a1d23bbdfe7e8491e3cafed52419f6ad31581e0df37be938d6e4b717
generated: "2023-10-16T18:05:34.5144309+01:00"
