dependencies:
- name: identity-keycloak
  repository: ""
  version: 0.15.0
- name: identity-postgres
  repository: ""
  version: 1.0.0
- name: identity-api
  repository: ""
  version: 1.0.0
- name: identity-manager
  repository: ""
  version: 1.0.0
- name: identity-gatekeeper
  repository: ""
  version: 1.0.0
digest: sha256:e1d40ccf4d38c6db2901fe0cd8e675f3b1e0cede48aab5958e23ff28ca44a6de
generated: "2023-10-15T16:11:28.6815928+01:00"
