dependencies:
- name: keycloak
  repository: https://charts.bitnami.com/bitnami
  version: 24.4.11
- name: opal
  repository: https://permitio.github.io/opal-helm-chart
  version: 0.0.28
- name: identity-service
  repository: https://eoepca.github.io/helm-charts
  version: 1.0.98
- name: apisix
  repository: https://charts.apiseven.com
  version: 2.13.0
- name: iam-bb-config
  repository: https://eoepca.github.io/helm-charts-dev
  version: 2.0.0
digest: sha256:843f32da568dd21af159c256bcc8338774ffbc2e89495a39b62c2370b6697fac
generated: "2026-02-23T13:34:21.670649175+01:00"
