dependencies:
- name: keycloak
  repository: https://charts.bitnami.com/bitnami
  version: 21.4.4
- name: opal
  repository: https://permitio.github.io/opal-helm-chart
  version: 0.0.28
- name: identity-service
  repository: https://eoepca.github.io/helm-charts
  version: 1.0.98
- name: apisix
  repository: https://charts.apiseven.com
  version: 2.10.0
digest: sha256:348a94701f9bb0e98c83a8bb9875e855a1b7973a583ee0fd16d67ca8e42ec0e0
generated: "2025-03-03T14:33:22.652822182+01:00"
