dependencies:
- name: keycloak
  repository: https://charts.bitnami.com/bitnami
  version: 24.4.11
- name: opal
  repository: https://permitio.github.io/opal-helm-chart
  version: 0.0.28
- name: identity-service
  repository: https://eoepca.github.io/helm-charts
  version: 1.0.98
- name: apisix
  repository: https://charts.apiseven.com
  version: 2.10.0
- name: iam-bb-config
  repository: https://eoepca.github.io/helm-charts-dev
  version: 2.0.0-rc1.5
digest: sha256:d2bb7efe096821486fd6ff65044a46be6822b375b52eb0e98944dcc497ef0aa8
generated: "2025-06-25T14:02:22.570106506+02:00"
