dependencies:
- name: opentelemetry-collector
  repository: https://open-telemetry.github.io/opentelemetry-helm-charts
  version: 0.101.2
- name: opensearch
  repository: https://opensearch-project.github.io/helm-charts/
  version: 2.21.0
- name: opensearch-dashboards
  repository: https://opensearch-project.github.io/helm-charts/
  version: 2.19.1
- name: resource-health
  repository: https://eoepca.github.io/helm-charts-dev
  version: 2.0.1
digest: sha256:2cdaa6e5d6e8154f17f3086ebccd3091a4eca2cfa342242a0383cd38b5023cd0
generated: "2026-06-17T15:13:38.62573+03:00"
