dependencies:
- name: opentelemetry-collector
  repository: https://open-telemetry.github.io/opentelemetry-helm-charts
  version: 0.101.2
- name: opensearch
  repository: https://opensearch-project.github.io/helm-charts/
  version: 2.21.0
- name: opensearch-dashboards
  repository: https://opensearch-project.github.io/helm-charts/
  version: 2.19.1
- name: resource-health
  repository: https://eoepca.github.io/helm-charts-dev
  version: 2.0.2
digest: sha256:4314aa9df9c1fb4a29cfa3e81553f5911f6549fb473ab207f6a92e3871939de1
generated: "2026-08-13T13:23:23.595427+03:00"
